<?xml version="1.0" encoding="utf-8"?>
<Project ToolsVersion="4.0" xmlns="http://schemas.microsoft.com/developer/msbuild/2003">
  <ItemGroup>
    <Filter Include="Source Files">
      <UniqueIdentifier>{4FC737F1-C7A5-4376-A066-2A32D752A2FF}</UniqueIdentifier>
      <Extensions>cpp;c;cc;cxx;def;odl;idl;hpj;bat;asm;asmx</Extensions>
    </Filter>
    <Filter Include="Header Files">
      <UniqueIdentifier>{93995380-89BD-4b04-88EB-625FBE52EBFB}</UniqueIdentifier>
      <Extensions>h;hpp;hxx;hm;inl;inc;xsd</Extensions>
    </Filter>
    <Filter Include="Resource Files">
      <UniqueIdentifier>{b39281cd-23c6-401e-844b-3d6c763da90b}</UniqueIdentifier>
    </Filter>
  </ItemGroup>
  <ItemGroup>
    <ClCompile Include="..\daemon\daemon_debug.c">
      <Filter>Source Files</Filter>
    </ClCompile>
    <ClCompile Include="..\daemon\getattr.c">
      <Filter>Source Files</Filter>
    </ClCompile>
    <ClCompile Include="..\daemon\lock.c">
      <Filter>Source Files</Filter>
    </ClCompile>
    <ClCompile Include="..\daemon\mount.c">
      <Filter>Source Files</Filter>
    </ClCompile>
    <ClCompile Include="..\daemon\nfs41_client.c">
      <Filter>Source Files</Filter>
    </ClCompile>
    <ClCompile Include="..\daemon\nfs41_compound.c">
      <Filter>Source Files</Filter>
    </ClCompile>
    <ClCompile Include="..\daemon\nfs41_daemon.c">
      <Filter>Source Files</Filter>
    </ClCompile>
    <ClCompile Include="..\daemon\nfs41_ops.c">
      <Filter>Source Files</Filter>
    </ClCompile>
    <ClCompile Include="..\daemon\nfs41_rpc.c">
      <Filter>Source Files</Filter>
    </ClCompile>
    <ClCompile Include="..\daemon\nfs41_server.c">
      <Filter>Source Files</Filter>
    </ClCompile>
    <ClCompile Include="..\daemon\nfs41_session.c">
      <Filter>Source Files</Filter>
    </ClCompile>
    <ClCompile Include="..\daemon\nfs41_superblock.c">
      <Filter>Source Files</Filter>
    </ClCompile>
    <ClCompile Include="..\daemon\nfs41_xdr.c">
      <Filter>Source Files</Filter>
    </ClCompile>
    <ClCompile Include="..\daemon\open.c">
      <Filter>Source Files</Filter>
    </ClCompile>
    <ClCompile Include="..\daemon\pnfs_debug.c">
      <Filter>Source Files</Filter>
    </ClCompile>
    <ClCompile Include="..\daemon\pnfs_device.c">
      <Filter>Source Files</Filter>
    </ClCompile>
    <ClCompile Include="..\daemon\pnfs_layout.c">
      <Filter>Source Files</Filter>
    </ClCompile>
    <ClCompile Include="..\daemon\readdir.c">
      <Filter>Source Files</Filter>
    </ClCompile>
    <ClCompile Include="..\daemon\readwrite.c">
      <Filter>Source Files</Filter>
    </ClCompile>
    <ClCompile Include="..\daemon\setattr.c">
      <Filter>Source Files</Filter>
    </ClCompile>
    <ClCompile Include="..\daemon\upcall.c">
      <Filter>Source Files</Filter>
    </ClCompile>
    <ClCompile Include="..\daemon\util.c">
      <Filter>Source Files</Filter>
    </ClCompile>
    <ClCompile Include="..\daemon\pnfs_io.c">
      <Filter>Source Files</Filter>
    </ClCompile>
    <ClCompile Include="..\daemon\lookup.c">
      <Filter>Source Files</Filter>
    </ClCompile>
    <ClCompile Include="..\daemon\name_cache.c">
      <Filter>Source Files</Filter>
    </ClCompile>
    <ClCompile Include="..\daemon\namespace.c">
      <Filter>Source Files</Filter>
    </ClCompile>
    <ClCompile Include="..\daemon\volume.c">
      <Filter>Source Files</Filter>
    </ClCompile>
    <ClCompile Include="..\daemon\callback_server.c">
      <Filter>Source Files</Filter>
    </ClCompile>
    <ClCompile Include="..\daemon\callback_xdr.c">
      <Filter>Source Files</Filter>
    </ClCompile>
    <ClCompile Include="..\daemon\service.c">
      <Filter>Source Files</Filter>
    </ClCompile>
    <ClCompile Include="..\daemon\symlink.c">
      <Filter>Source Files</Filter>
    </ClCompile>
    <ClCompile Include="..\daemon\idmap.c">
      <Filter>Source Files</Filter>
    </ClCompile>
    <ClCompile Include="..\daemon\acl.c">
      <Filter>Source Files</Filter>
    </ClCompile>
    <ClCompile Include="..\daemon\delegation.c">
      <Filter>Source Files</Filter>
    </ClCompile>
    <ClCompile Include="..\daemon\recovery.c">
      <Filter>Source Files</Filter>
    </ClCompile>
    <ClCompile Include="..\daemon\ea.c">
      <Filter>Source Files</Filter>
    </ClCompile>
  </ItemGroup>
  <ItemGroup>
    <ClInclude Include="..\daemon\daemon_debug.h">
      <Filter>Header Files</Filter>
    </ClInclude>
    <ClInclude Include="..\daemon\from_kernel.h">
      <Filter>Header Files</Filter>
    </ClInclude>
    <ClInclude Include="..\daemon\nfs41.h">
      <Filter>Header Files</Filter>
    </ClInclude>
    <ClInclude Include="..\daemon\nfs41_compound.h">
      <Filter>Header Files</Filter>
    </ClInclude>
    <ClInclude Include="..\daemon\nfs41_const.h">
      <Filter>Header Files</Filter>
    </ClInclude>
    <ClInclude Include="..\daemon\nfs41_ops.h">
      <Filter>Header Files</Filter>
    </ClInclude>
    <ClInclude Include="..\daemon\nfs41_types.h">
      <Filter>Header Files</Filter>
    </ClInclude>
    <ClInclude Include="..\daemon\nfs41_xdr.h">
      <Filter>Header Files</Filter>
    </ClInclude>
    <ClInclude Include="..\daemon\pnfs.h">
      <Filter>Header Files</Filter>
    </ClInclude>
    <ClInclude Include="..\daemon\upcall.h">
      <Filter>Header Files</Filter>
    </ClInclude>
    <ClInclude Include="..\daemon\util.h">
      <Filter>Header Files</Filter>
    </ClInclude>
    <ClInclude Include="..\daemon\list.h">
      <Filter>Header Files</Filter>
    </ClInclude>
    <ClInclude Include="..\daemon\name_cache.h">
      <Filter>Header Files</Filter>
    </ClInclude>
    <ClInclude Include="..\daemon\nfs41_callback.h">
      <Filter>Header Files</Filter>
    </ClInclude>
    <ClInclude Include="..\daemon\service.h">
      <Filter>Header Files</Filter>
    </ClInclude>
    <ClInclude Include="..\daemon\idmap.h">
      <Filter>Header Files</Filter>
    </ClInclude>
    <ClInclude Include="..\daemon\tree.h">
      <Filter>Header Files</Filter>
    </ClInclude>
    <ClInclude Include="..\daemon\delegation.h">
      <Filter>Header Files</Filter>
    </ClInclude>
    <ClInclude Include="..\daemon\recovery.h">
      <Filter>Header Files</Filter>
    </ClInclude>
  </ItemGroup>
  <ItemGroup>
    <None Include="..\daemon\sources">
      <Filter>Resource Files</Filter>
    </None>
  </ItemGroup>
</Project>