<?xml version="1.0" encoding="utf-8"?>
<Project ToolsVersion="4.0" xmlns="http://schemas.microsoft.com/developer/msbuild/2003">
  <ItemGroup>
    <Filter Include="Source Files">
      <UniqueIdentifier>{4FC737F1-C7A5-4376-A066-2A32D752A2FF}</UniqueIdentifier>
      <Extensions>cpp;c;cc;cxx;def;odl;idl;hpj;bat;asm;asmx</Extensions>
    </Filter>
    <Filter Include="Header Files">
      <UniqueIdentifier>{93995380-89BD-4b04-88EB-625FBE52EBFB}</UniqueIdentifier>
      <Extensions>h;hpp;hxx;hm;inl;inc;xsd</Extensions>
    </Filter>
    <Filter Include="Resource Files">
      <UniqueIdentifier>{67DA6AB6-F800-4c08-8B7A-83BB121AAD01}</UniqueIdentifier>
      <Extensions>rc;ico;cur;bmp;dlg;rc2;rct;bin;rgs;gif;jpg;jpeg;jpe;resx;tiff;tif;png;wav</Extensions>
    </Filter>
  </ItemGroup>
  <ItemGroup>
    <ClCompile Include="..\libtirpc\src\asprintf.c">
      <Filter>Source Files</Filter>
    </ClCompile>
    <ClCompile Include="..\libtirpc\src\auth_none.c">
      <Filter>Source Files</Filter>
    </ClCompile>
    <ClCompile Include="..\libtirpc\src\auth_time.c">
      <Filter>Source Files</Filter>
    </ClCompile>
    <ClCompile Include="..\libtirpc\src\auth_unix.c">
      <Filter>Source Files</Filter>
    </ClCompile>
    <ClCompile Include="..\libtirpc\src\authunix_prot.c">
      <Filter>Source Files</Filter>
    </ClCompile>
    <ClCompile Include="..\libtirpc\src\bindresvport.c">
      <Filter>Source Files</Filter>
    </ClCompile>
    <ClCompile Include="..\libtirpc\src\clnt_bcast.c">
      <Filter>Source Files</Filter>
    </ClCompile>
    <ClCompile Include="..\libtirpc\src\clnt_dg.c">
      <Filter>Source Files</Filter>
    </ClCompile>
    <ClCompile Include="..\libtirpc\src\clnt_generic.c">
      <Filter>Source Files</Filter>
    </ClCompile>
    <ClCompile Include="..\libtirpc\src\clnt_perror.c">
      <Filter>Source Files</Filter>
    </ClCompile>
    <ClCompile Include="..\libtirpc\src\clnt_raw.c">
      <Filter>Source Files</Filter>
    </ClCompile>
    <ClCompile Include="..\libtirpc\src\clnt_simple.c">
      <Filter>Source Files</Filter>
    </ClCompile>
    <ClCompile Include="..\libtirpc\src\clnt_vc.c">
      <Filter>Source Files</Filter>
    </ClCompile>
    <ClCompile Include="..\libtirpc\src\des_soft.c">
      <Filter>Source Files</Filter>
    </ClCompile>
    <ClCompile Include="..\libtirpc\src\epoll_sub.c">
      <Filter>Source Files</Filter>
    </ClCompile>
    <ClCompile Include="..\libtirpc\src\getnetconfig.c">
      <Filter>Source Files</Filter>
    </ClCompile>
    <ClCompile Include="..\libtirpc\src\getnetpath.c">
      <Filter>Source Files</Filter>
    </ClCompile>
    <ClCompile Include="..\libtirpc\src\getpeereid.c">
      <Filter>Source Files</Filter>
    </ClCompile>
    <ClCompile Include="..\libtirpc\src\getpublickey.c">
      <Filter>Source Files</Filter>
    </ClCompile>
    <ClCompile Include="..\libtirpc\src\getrpcent.c">
      <Filter>Source Files</Filter>
    </ClCompile>
    <ClCompile Include="..\libtirpc\src\getrpcport.c">
      <Filter>Source Files</Filter>
    </ClCompile>
    <ClCompile Include="..\libtirpc\src\gettimeofday.c">
      <Filter>Source Files</Filter>
    </ClCompile>
    <ClCompile Include="..\libtirpc\src\key_call.c">
      <Filter>Source Files</Filter>
    </ClCompile>
    <ClCompile Include="..\libtirpc\src\key_prot_xdr.c">
      <Filter>Source Files</Filter>
    </ClCompile>
    <ClCompile Include="..\libtirpc\src\mt_misc.c">
      <Filter>Source Files</Filter>
    </ClCompile>
    <ClCompile Include="..\libtirpc\src\netname.c">
      <Filter>Source Files</Filter>
    </ClCompile>
    <ClCompile Include="..\libtirpc\src\netnamer.c">
      <Filter>Source Files</Filter>
    </ClCompile>
    <ClCompile Include="..\libtirpc\src\pmap_clnt.c">
      <Filter>Source Files</Filter>
    </ClCompile>
    <ClCompile Include="..\libtirpc\src\pmap_getmaps.c">
      <Filter>Source Files</Filter>
    </ClCompile>
    <ClCompile Include="..\libtirpc\src\pmap_getport.c">
      <Filter>Source Files</Filter>
    </ClCompile>
    <ClCompile Include="..\libtirpc\src\pmap_prot.c">
      <Filter>Source Files</Filter>
    </ClCompile>
    <ClCompile Include="..\libtirpc\src\pmap_prot2.c">
      <Filter>Source Files</Filter>
    </ClCompile>
    <ClCompile Include="..\libtirpc\src\pmap_rmt.c">
      <Filter>Source Files</Filter>
    </ClCompile>
    <ClCompile Include="..\libtirpc\src\rpc_callmsg.c">
      <Filter>Source Files</Filter>
    </ClCompile>
    <ClCompile Include="..\libtirpc\src\rpc_commondata.c">
      <Filter>Source Files</Filter>
    </ClCompile>
    <ClCompile Include="..\libtirpc\src\rpc_dtablesize.c">
      <Filter>Source Files</Filter>
    </ClCompile>
    <ClCompile Include="..\libtirpc\src\rpc_generic.c">
      <Filter>Source Files</Filter>
    </ClCompile>
    <ClCompile Include="..\libtirpc\src\rpc_prot.c">
      <Filter>Source Files</Filter>
    </ClCompile>
    <ClCompile Include="..\libtirpc\src\rpc_soc.c">
      <Filter>Source Files</Filter>
    </ClCompile>
    <ClCompile Include="..\libtirpc\src\rpcb_clnt.c">
      <Filter>Source Files</Filter>
    </ClCompile>
    <ClCompile Include="..\libtirpc\src\rpcb_prot.c">
      <Filter>Source Files</Filter>
    </ClCompile>
    <ClCompile Include="..\libtirpc\src\rpcb_st_xdr.c">
      <Filter>Source Files</Filter>
    </ClCompile>
    <ClCompile Include="..\libtirpc\src\rpcdname.c">
      <Filter>Source Files</Filter>
    </ClCompile>
    <ClCompile Include="..\libtirpc\src\rtime.c">
      <Filter>Source Files</Filter>
    </ClCompile>
    <ClCompile Include="..\libtirpc\src\svc.c">
      <Filter>Source Files</Filter>
    </ClCompile>
    <ClCompile Include="..\libtirpc\src\svc_auth.c">
      <Filter>Source Files</Filter>
    </ClCompile>
    <ClCompile Include="..\libtirpc\src\svc_auth_none.c">
      <Filter>Source Files</Filter>
    </ClCompile>
    <ClCompile Include="..\libtirpc\src\svc_auth_unix.c">
      <Filter>Source Files</Filter>
    </ClCompile>
    <ClCompile Include="..\libtirpc\src\svc_dg.c">
      <Filter>Source Files</Filter>
    </ClCompile>
    <ClCompile Include="..\libtirpc\src\svc_generic.c">
      <Filter>Source Files</Filter>
    </ClCompile>
    <ClCompile Include="..\libtirpc\src\svc_raw.c">
      <Filter>Source Files</Filter>
    </ClCompile>
    <ClCompile Include="..\libtirpc\src\svc_run.c">
      <Filter>Source Files</Filter>
    </ClCompile>
    <ClCompile Include="..\libtirpc\src\svc_simple.c">
      <Filter>Source Files</Filter>
    </ClCompile>
    <ClCompile Include="..\libtirpc\src\svc_vc.c">
      <Filter>Source Files</Filter>
    </ClCompile>
    <ClCompile Include="..\libtirpc\src\winstubs.c">
      <Filter>Source Files</Filter>
    </ClCompile>
    <ClCompile Include="..\libtirpc\src\wintirpc.c">
      <Filter>Source Files</Filter>
    </ClCompile>
    <ClCompile Include="..\libtirpc\src\xdr.c">
      <Filter>Source Files</Filter>
    </ClCompile>
    <ClCompile Include="..\libtirpc\src\xdr_array.c">
      <Filter>Source Files</Filter>
    </ClCompile>
    <ClCompile Include="..\libtirpc\src\xdr_float.c">
      <Filter>Source Files</Filter>
    </ClCompile>
    <ClCompile Include="..\libtirpc\src\xdr_mem.c">
      <Filter>Source Files</Filter>
    </ClCompile>
    <ClCompile Include="..\libtirpc\src\xdr_rec.c">
      <Filter>Source Files</Filter>
    </ClCompile>
    <ClCompile Include="..\libtirpc\src\xdr_reference.c">
      <Filter>Source Files</Filter>
    </ClCompile>
    <ClCompile Include="..\libtirpc\src\xdr_sizeof.c">
      <Filter>Source Files</Filter>
    </ClCompile>
    <ClCompile Include="..\libtirpc\src\xdr_stdio.c">
      <Filter>Source Files</Filter>
    </ClCompile>
    <ClCompile Include="..\libtirpc\src\auth_sspi.c">
      <Filter>Source Files</Filter>
    </ClCompile>
    <ClCompile Include="..\libtirpc\src\authsspi_prot.c">
      <Filter>Source Files</Filter>
    </ClCompile>
  </ItemGroup>
  <ItemGroup>
    <ClInclude Include="..\libtirpc\src\rpc_com.h">
      <Filter>Source Files</Filter>
    </ClInclude>
    <ClInclude Include="..\libtirpc\tirpc\rpc\auth.h">
      <Filter>Header Files</Filter>
    </ClInclude>
    <ClInclude Include="..\libtirpc\tirpc\rpc\auth_des.h">
      <Filter>Header Files</Filter>
    </ClInclude>
    <ClInclude Include="..\libtirpc\tirpc\rpc\auth_gss.h">
      <Filter>Header Files</Filter>
    </ClInclude>
    <ClInclude Include="..\libtirpc\tirpc\rpc\auth_kerb.h">
      <Filter>Header Files</Filter>
    </ClInclude>
    <ClInclude Include="..\libtirpc\tirpc\rpc\auth_unix.h">
      <Filter>Header Files</Filter>
    </ClInclude>
    <ClInclude Include="..\libtirpc\tirpc\rpc\clnt.h">
      <Filter>Header Files</Filter>
    </ClInclude>
    <ClInclude Include="..\libtirpc\tirpc\rpc\clnt_soc.h">
      <Filter>Header Files</Filter>
    </ClInclude>
    <ClInclude Include="..\libtirpc\tirpc\rpc\clnt_stat.h">
      <Filter>Header Files</Filter>
    </ClInclude>
    <ClInclude Include="..\libtirpc\tirpc\rpcsvc\crypt.h">
      <Filter>Header Files</Filter>
    </ClInclude>
    <ClInclude Include="..\libtirpc\tirpc\rpc\des.h">
      <Filter>Header Files</Filter>
    </ClInclude>
    <ClInclude Include="..\libtirpc\tirpc\rpc\des_crypt.h">
      <Filter>Header Files</Filter>
    </ClInclude>
    <ClInclude Include="..\libtirpc\tirpc\misc\event.h">
      <Filter>Header Files</Filter>
    </ClInclude>
    <ClInclude Include="..\libtirpc\tirpc\fpmath.h">
      <Filter>Header Files</Filter>
    </ClInclude>
    <ClInclude Include="..\libtirpc\tirpc\getpeereid.h">
      <Filter>Header Files</Filter>
    </ClInclude>
    <ClInclude Include="..\libtirpc\tirpc\libc_private.h">
      <Filter>Header Files</Filter>
    </ClInclude>
    <ClInclude Include="..\libtirpc\tirpc\namespace.h">
      <Filter>Header Files</Filter>
    </ClInclude>
    <ClInclude Include="..\libtirpc\tirpc\netconfig.h">
      <Filter>Header Files</Filter>
    </ClInclude>
    <ClInclude Include="..\libtirpc\tirpc\rpc\nettype.h">
      <Filter>Header Files</Filter>
    </ClInclude>
    <ClInclude Include="..\libtirpc\tirpc\rpcsvc\nis.h">
      <Filter>Header Files</Filter>
    </ClInclude>
    <ClInclude Include="..\libtirpc\tirpc\nss_tls.h">
      <Filter>Header Files</Filter>
    </ClInclude>
    <ClInclude Include="..\libtirpc\tirpc\rpc\pmap_clnt.h">
      <Filter>Header Files</Filter>
    </ClInclude>
    <ClInclude Include="..\libtirpc\tirpc\rpc\pmap_prot.h">
      <Filter>Header Files</Filter>
    </ClInclude>
    <ClInclude Include="..\libtirpc\tirpc\rpc\pmap_rmt.h">
      <Filter>Header Files</Filter>
    </ClInclude>
    <ClInclude Include="..\libtirpc\tirpc\sys\queue.h">
      <Filter>Header Files</Filter>
    </ClInclude>
    <ClInclude Include="..\libtirpc\tirpc\misc\queue.h">
      <Filter>Header Files</Filter>
    </ClInclude>
    <ClInclude Include="..\libtirpc\tirpc\rpc\raw.h">
      <Filter>Header Files</Filter>
    </ClInclude>
    <ClInclude Include="..\libtirpc\tirpc\reentrant.h">
      <Filter>Header Files</Filter>
    </ClInclude>
    <ClInclude Include="..\libtirpc\tirpc\rpc\rpc.h">
      <Filter>Header Files</Filter>
    </ClInclude>
    <ClInclude Include="..\libtirpc\tirpc\rpc\rpc_com.h">
      <Filter>Header Files</Filter>
    </ClInclude>
    <ClInclude Include="..\libtirpc\tirpc\rpc\rpc_msg.h">
      <Filter>Header Files</Filter>
    </ClInclude>
    <ClInclude Include="..\libtirpc\tirpc\rpc\rpcb_clnt.h">
      <Filter>Header Files</Filter>
    </ClInclude>
    <ClInclude Include="..\libtirpc\tirpc\rpc\rpcb_prot.h">
      <Filter>Header Files</Filter>
    </ClInclude>
    <ClInclude Include="..\libtirpc\tirpc\rpc\rpcent.h">
      <Filter>Header Files</Filter>
    </ClInclude>
    <ClInclude Include="..\libtirpc\tirpc\misc\socket.h">
      <Filter>Header Files</Filter>
    </ClInclude>
    <ClInclude Include="..\libtirpc\tirpc\spinlock.h">
      <Filter>Header Files</Filter>
    </ClInclude>
    <ClInclude Include="..\libtirpc\tirpc\rpc\svc.h">
      <Filter>Header Files</Filter>
    </ClInclude>
    <ClInclude Include="..\libtirpc\tirpc\rpc\svc_auth.h">
      <Filter>Header Files</Filter>
    </ClInclude>
    <ClInclude Include="..\libtirpc\tirpc\rpc\svc_dg.h">
      <Filter>Header Files</Filter>
    </ClInclude>
    <ClInclude Include="..\libtirpc\tirpc\rpc\svc_soc.h">
      <Filter>Header Files</Filter>
    </ClInclude>
    <ClInclude Include="..\libtirpc\tirpc\rpc\types.h">
      <Filter>Header Files</Filter>
    </ClInclude>
    <ClInclude Include="..\libtirpc\tirpc\un-namespace.h">
      <Filter>Header Files</Filter>
    </ClInclude>
    <ClInclude Include="..\libtirpc\tirpc\wintirpc.h">
      <Filter>Header Files</Filter>
    </ClInclude>
    <ClInclude Include="..\libtirpc\tirpc\rpc\xdr.h">
      <Filter>Header Files</Filter>
    </ClInclude>
    <ClInclude Include="..\libtirpc\tirpc\rpc\auth_sspi.h">
      <Filter>Header Files</Filter>
    </ClInclude>
  </ItemGroup>
  <ItemGroup>
    <ResourceCompile Include="..\libtirpc\libtirpc\libtirpc.rc">
      <Filter>Resource Files</Filter>
    </ResourceCompile>
  </ItemGroup>
  <ItemGroup>
    <None Include="..\libtirpc\src\sources">
      <Filter>Resource Files</Filter>
    </None>
    <None Include="..\libtirpc\libtirpc\libtirpc.def">
      <Filter>Resource Files</Filter>
    </None>
  </ItemGroup>
</Project>